
Microsoft Visual Studio Solution File, Format Version 12.00
# Visual Studio Version 17
VisualStudioVersion = 17.8.34330.188
MinimumVisualStudioVersion = 10.0.40219.1
Project("{FAE04EC0-301F-11D3-BF4B-00C04F79EFBC}") = "AdventOfCode2023", "AdventOfCode2023.csproj", "{67FFA5AD-06C2-48E7-91DA-71B9EF4907B8}"
EndProject
Global
	GlobalSection(SolutionConfigurationPlatforms) = preSolution
		Debug|Any CPU = Debug|Any CPU
		Release|Any CPU = Release|Any CPU
	EndGlobalSection
	GlobalSection(ProjectConfigurationPlatforms) = postSolution
		{67FFA5AD-06C2-48E7-91DA-71B9EF4907B8}.Debug|Any CPU.ActiveCfg = Debug|Any CPU
		{67FFA5AD-06C2-48E7-91DA-71B9EF4907B8}.Debug|Any CPU.Build.0 = Debug|Any CPU
		{67FFA5AD-06C2-48E7-91DA-71B9EF4907B8}.Release|Any CPU.ActiveCfg = Release|Any CPU
		{67FFA5AD-06C2-48E7-91DA-71B9EF4907B8}.Release|Any CPU.Build.0 = Release|Any CPU
	EndGlobalSection
	GlobalSection(SolutionProperties) = preSolution
		HideSolutionNode = FALSE
	EndGlobalSection
	GlobalSection(ExtensibilityGlobals) = postSolution
		SolutionGuid = {3D42AD18-457F-4DCA-823D-3A1397A71075}
	EndGlobalSection
EndGlobal
